{
  "name": "jsx2mp-cli-test-demo",
  "version": "1.0.0",
  "lockfileVersion": 1,
  "requires": true,
  "dependencies": {
    "@babel/runtime": {
      "version": "7.5.5",
      "resolved": "https://registry.npmjs.org/@babel/runtime/-/runtime-7.5.5.tgz",
      "integrity": "sha512-28QvEGyQyNkB0/m2B4FU7IEZGK2NUrcMtT6BZEFALTguLk+AUT6ofsHtPk5QyjAdUkpMJ+/Em+quwz4HOt30AQ==",
      "requires": {
        "regenerator-runtime": "^0.13.2"
      }
    },
    "driver-server": {
      "version": "1.0.0",
      "resolved": "https://registry.npmjs.org/driver-server/-/driver-server-1.0.0.tgz",
      "integrity": "sha512-H5nhMzsSJYaug+PDPyXiVW2KvK5k7B7K+yVW3FuHESq494Soh1cfomquJ2pk5RiApQr1z0e+0tif11TVRlM+PQ=="
    },
    "rax": {
      "version": "1.0.9",
      "resolved": "https://registry.npmjs.org/rax/-/rax-1.0.9.tgz",
      "integrity": "sha512-K/CRMGz6SqFHk1G4/xSN3GTgAeU1/HoHo/qKY6nlW92uAWAA/WHjD2f9h/H3kIAmY4AHuIxa/+0/JFRK09Po8A==",
      "requires": {
        "@babel/runtime": "^7.2.0",
        "driver-server": "^1.0.0",
        "rax-children": "^1.0.0",
        "rax-clone-element": "^1.0.0",
        "rax-create-factory": "^1.0.0",
        "rax-is-valid-element": "^1.0.0"
      }
    },
    "rax-children": {
      "version": "1.0.0",
      "resolved": "https://registry.npmjs.org/rax-children/-/rax-children-1.0.0.tgz",
      "integrity": "sha512-sBKEXAMj9ik6SsPfPGgcQnqggmbWFyBdvAV/Cz/0f04bRA86BtWgbMri/9Dce0k8nkEC/BGWiiTdyA8Q49zIiw=="
    },
    "rax-clone-element": {
      "version": "1.0.0",
      "resolved": "https://registry.npmjs.org/rax-clone-element/-/rax-clone-element-1.0.0.tgz",
      "integrity": "sha512-TaQMVuzoglvCTjbWATlvvwARmeWnG8kpENWNXrNDv0++x29GHNND/TBbx7sdtVs/QmYwYc8YmwRUhaBwKQi5eQ==",
      "requires": {
        "rax-is-valid-element": "^1.0.0"
      }
    },
    "rax-create-factory": {
      "version": "1.0.0",
      "resolved": "https://registry.npmjs.org/rax-create-factory/-/rax-create-factory-1.0.0.tgz",
      "integrity": "sha512-blBaVrurj/BOWelJhQWiuc0Kk8Ons1jsNsX78omaPBLkSOL7OkyJ3NC/0iKXHu425yWrGB6e5vho/qabROC7VQ=="
    },
    "rax-is-valid-element": {
      "version": "1.0.0",
      "resolved": "https://registry.npmjs.org/rax-is-valid-element/-/rax-is-valid-element-1.0.0.tgz",
      "integrity": "sha512-MM3IUAQRKn3EJ0D2vjxgobOJLplLAw3YxE7/IRM6ytDYzlPq5iIZ8wsXoPAp/qW3Y+n23HLQUIljmLKywcCEIA=="
    },
    "rax-view": {
      "version": "1.0.2",
      "resolved": "https://registry.npmjs.org/rax-view/-/rax-view-1.0.2.tgz",
      "integrity": "sha512-LwhCKJ7lICj1m3KVDmAQA0cx5Alqyrj3Sw+NM58gm42QqGw4TwCaIX1nBcN20zguFszXaHmdnhq472WFqKg/VQ==",
      "requires": {
        "universal-env": "^1.0.0"
      }
    },
    "regenerator-runtime": {
      "version": "0.13.3",
      "resolved": "https://registry.npmjs.org/regenerator-runtime/-/regenerator-runtime-0.13.3.tgz",
      "integrity": "sha512-naKIZz2GQ8JWh///G7L3X6LaQUAMp2lvb1rvwwsURe/VXwD6VMfr+/1NuNw3ag8v2kY1aQ/go5SNn79O9JU7yw=="
    },
    "universal-env": {
      "version": "1.0.7",
      "resolved": "https://registry.npmjs.org/universal-env/-/universal-env-1.0.7.tgz",
      "integrity": "sha512-N7n9nZSpVSKwjPDO0QsN+3/5pPPum9u5i7Km3xxUi0ykA8UD9nKt8foMYdVFB8HIRXx/Sh7HVu3pC5CJX/t9Tw=="
    }
  }
}
